// !$*UTF8*$!
{
	archiveVersion = 1;
	classes = {
	};
	objectVersion = 55;
	objects = {

/* Begin PBXBuildFile section */
		E95B97D3287B06E500B0A353 /* LocalizedStrings.swift in Sources */ = {isa = PBXBuildFile; fileRef = E95B97D2287B06E500B0A353 /* LocalizedStrings.swift */; };
		E95B97D6287B078400B0A353 /* RxCocoa in Frameworks */ = {isa = PBXBuildFile; productRef = E95B97D5287B078400B0A353 /* RxCocoa */; };
		E95B97D8287B078400B0A353 /* RxSwift in Frameworks */ = {isa = PBXBuildFile; productRef = E95B97D7287B078400B0A353 /* RxSwift */; };
		E98D5D45287AAA8300C39F5A /* MovieResultEntity.swift in Sources */ = {isa = PBXBuildFile; fileRef = E98D5D44287AAA8300C39F5A /* MovieResultEntity.swift */; };
		E99798D8287AC99900FB3751 /* Movies.xcdatamodeld in Sources */ = {isa = PBXBuildFile; fileRef = E99798D6287AC99900FB3751 /* Movies.xcdatamodeld */; };
		E99798E3287ACBAB00FB3751 /* CoreDataManager.swift in Sources */ = {isa = PBXBuildFile; fileRef = E99798E2287ACBAB00FB3751 /* CoreDataManager.swift */; };
		E999952E287AA77500E49F82 /* Shared_Models.docc in Sources */ = {isa = PBXBuildFile; fileRef = E999952D287AA77500E49F82 /* Shared_Models.docc */; };
		E999952F287AA77500E49F82 /* Shared_Models.h in Headers */ = {isa = PBXBuildFile; fileRef = E999952C287AA77500E49F82 /* Shared_Models.h */; settings = {ATTRIBUTES = (Public, ); }; };
/* End PBXBuildFile section */

/* Begin PBXFileReference section */
		E95B97D2287B06E500B0A353 /* LocalizedStrings.swift */ = {isa = PBXFileReference; lastKnownFileType = sourcecode.swift; path = LocalizedStrings.swift; sourceTree = "<group>"; };
		E98D5D44287AAA8300C39F5A /* MovieResultEntity.swift */ = {isa = PBXFileReference; lastKnownFileType = sourcecode.swift; path = MovieResultEntity.swift; sourceTree = "<group>"; };
		E99798D7287AC99900FB3751 /* Movies.xcdatamodel */ = {isa = PBXFileReference; lastKnownFileType = wrapper.xcdatamodel; path = Movies.xcdatamodel; sourceTree = "<group>"; };
		E99798E2287ACBAB00FB3751 /* CoreDataManager.swift */ = {isa = PBXFileReference; fileEncoding = 4; lastKnownFileType = sourcecode.swift; path = CoreDataManager.swift; sourceTree = "<group>"; };
		E99798EB287ACC0100FB3751 /* MovieResultEntity.swift */ = {isa = PBXFileReference; lastKnownFileType = sourcecode.swift; path = MovieResultEntity.swift; sourceTree = "<group>"; };
		E99798EF287ACC0100FB3751 /* Movies.xcdatamodel */ = {isa = PBXFileReference; lastKnownFileType = wrapper.xcdatamodel; path = Movies.xcdatamodel; sourceTree = "<group>"; };
		E9999529287AA77500E49F82 /* Shared_Models.framework */ = {isa = PBXFileReference; explicitFileType = wrapper.framework; includeInIndex = 0; path = Shared_Models.framework; sourceTree = BUILT_PRODUCTS_DIR; };
		E999952C287AA77500E49F82 /* Shared_Models.h */ = {isa = PBXFileReference; lastKnownFileType = sourcecode.c.h; path = Shared_Models.h; sourceTree = "<group>"; };
		E999952D287AA77500E49F82 /* Shared_Models.docc */ = {isa = PBXFileReference; lastKnownFileType = folder.documentationcatalog; path = Shared_Models.docc; sourceTree = "<group>"; };
/* End PBXFileReference section */

/* Begin PBXFrameworksBuildPhase section */
		E9999526287AA77500E49F82 /* Frameworks */ = {
			isa = PBXFrameworksBuildPhase;
			buildActionMask = 2147483647;
			files = (
				E95B97D8287B078400B0A353 /* RxSwift in Frameworks */,
				E95B97D6287B078400B0A353 /* RxCocoa in Frameworks */,
			);
			runOnlyForDeploymentPostprocessing = 0;
		};
/* End PBXFrameworksBuildPhase section */

/* Begin PBXGroup section */
		E95B97D1287B06D700B0A353 /* Localization */ = {
			isa = PBXGroup;
			children = (
				E95B97D2287B06E500B0A353 /* LocalizedStrings.swift */,
			);
			path = Localization;
			sourceTree = "<group>";
		};
		E98D5D43287AAA6700C39F5A /* Shared Models */ = {
			isa = PBXGroup;
			children = (
				E98D5D44287AAA8300C39F5A /* MovieResultEntity.swift */,
			);
			path = "Shared Models";
			sourceTree = "<group>";
		};
		E99798D5287AC98200FB3751 /* Core Data Models */ = {
			isa = PBXGroup;
			children = (
				E99798D6287AC99900FB3751 /* Movies.xcdatamodeld */,
			);
			path = "Core Data Models";
			sourceTree = "<group>";
		};
		E99798D9287ACB7700FB3751 /* Managers */ = {
			isa = PBXGroup;
			children = (
				E99798DC287ACB7700FB3751 /* Data Persistancy */,
			);
			name = Managers;
			path = ../../Features/Search/Search/Managers;
			sourceTree = "<group>";
		};
		E99798DC287ACB7700FB3751 /* Data Persistancy */ = {
			isa = PBXGroup;
			children = (
				E99798E2287ACBAB00FB3751 /* CoreDataManager.swift */,
			);
			path = "Data Persistancy";
			sourceTree = "<group>";
		};
		E99798EA287ACC0100FB3751 /* Shared Models */ = {
			isa = PBXGroup;
			children = (
				E99798ED287ACC0100FB3751 /* Core Data Models */,
				E99798EB287ACC0100FB3751 /* MovieResultEntity.swift */,
			);
			path = "Shared Models";
			sourceTree = "<group>";
		};
		E99798ED287ACC0100FB3751 /* Core Data Models */ = {
			isa = PBXGroup;
			children = (
				E99798EE287ACC0100FB3751 /* Movies.xcdatamodeld */,
			);
			path = "Core Data Models";
			sourceTree = "<group>";
		};
		E999951F287AA77500E49F82 = {
			isa = PBXGroup;
			children = (
				E999952B287AA77500E49F82 /* Shared Models */,
				E999952A287AA77500E49F82 /* Products */,
			);
			sourceTree = "<group>";
		};
		E999952A287AA77500E49F82 /* Products */ = {
			isa = PBXGroup;
			children = (
				E9999529287AA77500E49F82 /* Shared_Models.framework */,
			);
			name = Products;
			sourceTree = "<group>";
		};
		E999952B287AA77500E49F82 /* Shared Models */ = {
			isa = PBXGroup;
			children = (
				E95B97D1287B06D700B0A353 /* Localization */,
				E99798EA287ACC0100FB3751 /* Shared Models */,
				E99798D9287ACB7700FB3751 /* Managers */,
				E99798D5287AC98200FB3751 /* Core Data Models */,
				E999952C287AA77500E49F82 /* Shared_Models.h */,
				E98D5D43287AAA6700C39F5A /* Shared Models */,
				E999952D287AA77500E49F82 /* Shared_Models.docc */,
			);
			path = "Shared Models";
			sourceTree = "<group>";
		};
/* End PBXGroup section */

/* Begin PBXHeadersBuildPhase section */
		E9999524287AA77500E49F82 /* Headers */ = {
			isa = PBXHeadersBuildPhase;
			buildActionMask = 2147483647;
			files = (
				E999952F287AA77500E49F82 /* Shared_Models.h in Headers */,
			);
			runOnlyForDeploymentPostprocessing = 0;
		};
/* End PBXHeadersBuildPhase section */

/* Begin PBXNativeTarget section */
		E9999528287AA77500E49F82 /* Shared Models */ = {
			isa = PBXNativeTarget;
			buildConfigurationList = E9999532287AA77500E49F82 /* Build configuration list for PBXNativeTarget "Shared Models" */;
			buildPhases = (
				E9999524287AA77500E49F82 /* Headers */,
				E9999525287AA77500E49F82 /* Sources */,
				E9999526287AA77500E49F82 /* Frameworks */,
				E9999527287AA77500E49F82 /* Resources */,
			);
			buildRules = (
			);
			dependencies = (
			);
			name = "Shared Models";
			packageProductDependencies = (
				E95B97D5287B078400B0A353 /* RxCocoa */,
				E95B97D7287B078400B0A353 /* RxSwift */,
			);
			productName = "Shared Models";
			productReference = E9999529287AA77500E49F82 /* Shared_Models.framework */;
			productType = "com.apple.product-type.framework";
		};
/* End PBXNativeTarget section */

/* Begin PBXProject section */
		E9999520287AA77500E49F82 /* Project object */ = {
			isa = PBXProject;
			attributes = {
				BuildIndependentTargetsInParallel = 1;
				LastUpgradeCheck = 1340;
				TargetAttributes = {
					E9999528287AA77500E49F82 = {
						CreatedOnToolsVersion = 13.4.1;
					};
				};
			};
			buildConfigurationList = E9999523287AA77500E49F82 /* Build configuration list for PBXProject "Shared Models" */;
			compatibilityVersion = "Xcode 13.0";
			developmentRegion = en;
			hasScannedForEncodings = 0;
			knownRegions = (
				en,
				Base,
			);
			mainGroup = E999951F287AA77500E49F82;
			packageReferences = (
				E95B97D4287B078400B0A353 /* XCRemoteSwiftPackageReference "RxSwift" */,
			);
			productRefGroup = E999952A287AA77500E49F82 /* Products */;
			projectDirPath = "";
			projectRoot = "";
			targets = (
				E9999528287AA77500E49F82 /* Shared Models */,
			);
		};
/* End PBXProject section */

/* Begin PBXResourcesBuildPhase section */
		E9999527287AA77500E49F82 /* Resources */ = {
			isa = PBXResourcesBuildPhase;
			buildActionMask = 2147483647;
			files = (
			);
			runOnlyForDeploymentPostprocessing = 0;
		};
/* End PBXResourcesBuildPhase section */

/* Begin PBXSourcesBuildPhase section */
		E9999525287AA77500E49F82 /* Sources */ = {
			isa = PBXSourcesBuildPhase;
			buildActionMask = 2147483647;
			files = (
				E98D5D45287AAA8300C39F5A /* MovieResultEntity.swift in Sources */,
				E99798D8287AC99900FB3751 /* Movies.xcdatamodeld in Sources */,
				E99798E3287ACBAB00FB3751 /* CoreDataManager.swift in Sources */,
				E999952E287AA77500E49F82 /* Shared_Models.docc in Sources */,
				E95B97D3287B06E500B0A353 /* LocalizedStrings.swift in Sources */,
			);
			runOnlyForDeploymentPostprocessing = 0;
		};
/* End PBXSourcesBuildPhase section */

/* Begin XCBuildConfiguration section */
		E9999530287AA77500E49F82 /* Debug */ = {
			isa = XCBuildConfiguration;
			buildSettings = {
				ALWAYS_SEARCH_USER_PATHS = NO;
				CLANG_ANALYZER_NONNULL = YES;
				CLANG_ANALYZER_NUMBER_OBJECT_CONVERSION = YES_AGGRESSIVE;
				CLANG_CXX_LANGUAGE_STANDARD = "gnu++17";
				CLANG_ENABLE_MODULES = YES;
				CLANG_ENABLE_OBJC_ARC = YES;
				CLANG_ENABLE_OBJC_WEAK = YES;
				CLANG_WARN_BLOCK_CAPTURE_AUTORELEASING = YES;
				CLANG_WARN_BOOL_CONVERSION = YES;
				CLANG_WARN_COMMA = YES;
				CLANG_WARN_CONSTANT_CONVERSION = YES;
				CLANG_WARN_DEPRECATED_OBJC_IMPLEMENTATIONS = YES;
				CLANG_WARN_DIRECT_OBJC_ISA_USAGE = YES_ERROR;
				CLANG_WARN_DOCUMENTATION_COMMENTS = YES;
				CLANG_WARN_EMPTY_BODY = YES;
				CLANG_WARN_ENUM_CONVERSION = YES;
				CLANG_WARN_INFINITE_RECURSION = YES;
				CLANG_WARN_INT_CONVERSION = YES;
				CLANG_WARN_NON_LITERAL_NULL_CONVERSION = YES;
				CLANG_WARN_OBJC_IMPLICIT_RETAIN_SELF = YES;
				CLANG_WARN_OBJC_LITERAL_CONVERSION = YES;
				CLANG_WARN_OBJC_ROOT_CLASS = YES_ERROR;
				CLANG_WARN_QUOTED_INCLUDE_IN_FRAMEWORK_HEADER = YES;
				CLANG_WARN_RANGE_LOOP_ANALYSIS = YES;
				CLANG_WARN_STRICT_PROTOTYPES = YES;
				CLANG_WARN_SUSPICIOUS_MOVE = YES;
				CLANG_WARN_UNGUARDED_AVAILABILITY = YES_AGGRESSIVE;
				CLANG_WARN_UNREACHABLE_CODE = YES;
				CLANG_WARN__DUPLICATE_METHOD_MATCH = YES;
				COPY_PHASE_STRIP = NO;
				CURRENT_PROJECT_VERSION = 1;
				DEBUG_INFORMATION_FORMAT = dwarf;
				ENABLE_STRICT_OBJC_MSGSEND = YES;
				ENABLE_TESTABILITY = YES;
				GCC_C_LANGUAGE_STANDARD = gnu11;
				GCC_DYNAMIC_NO_PIC = NO;
				GCC_NO_COMMON_BLOCKS = YES;
				GCC_OPTIMIZATION_LEVEL = 0;
				GCC_PREPROCESSOR_DEFINITIONS = (
					"DEBUG=1",
					"$(inherited)",
				);
				GCC_WARN_64_TO_32_BIT_CONVERSION = YES;
				GCC_WARN_ABOUT_RETURN_TYPE = YES_ERROR;
				GCC_WARN_UNDECLARED_SELECTOR = YES;
				GCC_WARN_UNINITIALIZED_AUTOS = YES_AGGRESSIVE;
				GCC_WARN_UNUSED_FUNCTION = YES;
				GCC_WARN_UNUSED_VARIABLE = YES;
				IPHONEOS_DEPLOYMENT_TARGET = 15.5;
				MTL_ENABLE_DEBUG_INFO = INCLUDE_SOURCE;
				MTL_FAST_MATH = YES;
				ONLY_ACTIVE_ARCH = YES;
				SDKROOT = iphoneos;
				SWIFT_ACTIVE_COMPILATION_CONDITIONS = DEBUG;
				SWIFT_OPTIMIZATION_LEVEL = "-Onone";
				VERSIONING_SYSTEM = "apple-generic";
				VERSION_INFO_PREFIX = "";
			};
			name = Debug;
		};
		E9999531287AA77500E49F82 /* Release */ = {
			isa = XCBuildConfiguration;
			buildSettings = {
				ALWAYS_SEARCH_USER_PATHS = NO;
				CLANG_ANALYZER_NONNULL = YES;
				CLANG_ANALYZER_NUMBER_OBJECT_CONVERSION = YES_AGGRESSIVE;
				CLANG_CXX_LANGUAGE_STANDARD = "gnu++17";
				CLANG_ENABLE_MODULES = YES;
				CLANG_ENABLE_OBJC_ARC = YES;
				CLANG_ENABLE_OBJC_WEAK = YES;
				CLANG_WARN_BLOCK_CAPTURE_AUTORELEASING = YES;
				CLANG_WARN_BOOL_CONVERSION = YES;
				CLANG_WARN_COMMA = YES;
				CLANG_WARN_CONSTANT_CONVERSION = YES;
				CLANG_WARN_DEPRECATED_OBJC_IMPLEMENTATIONS = YES;
				CLANG_WARN_DIRECT_OBJC_ISA_USAGE = YES_ERROR;
				CLANG_WARN_DOCUMENTATION_COMMENTS = YES;
				CLANG_WARN_EMPTY_BODY = YES;
				CLANG_WARN_ENUM_CONVERSION = YES;
				CLANG_WARN_INFINITE_RECURSION = YES;
				CLANG_WARN_INT_CONVERSION = YES;
				CLANG_WARN_NON_LITERAL_NULL_CONVERSION = YES;
				CLANG_WARN_OBJC_IMPLICIT_RETAIN_SELF = YES;
				CLANG_WARN_OBJC_LITERAL_CONVERSION = YES;
				CLANG_WARN_OBJC_ROOT_CLASS = YES_ERROR;
				CLANG_WARN_QUOTED_INCLUDE_IN_FRAMEWORK_HEADER = YES;
				CLANG_WARN_RANGE_LOOP_ANALYSIS = YES;
				CLANG_WARN_STRICT_PROTOTYPES = YES;
				CLANG_WARN_SUSPICIOUS_MOVE = YES;
				CLANG_WARN_UNGUARDED_AVAILABILITY = YES_AGGRESSIVE;
				CLANG_WARN_UNREACHABLE_CODE = YES;
				CLANG_WARN__DUPLICATE_METHOD_MATCH = YES;
				COPY_PHASE_STRIP = NO;
				CURRENT_PROJECT_VERSION = 1;
				DEBUG_INFORMATION_FORMAT = "dwarf-with-dsym";
				ENABLE_NS_ASSERTIONS = NO;
				ENABLE_STRICT_OBJC_MSGSEND = YES;
				GCC_C_LANGUAGE_STANDARD = gnu11;
				GCC_NO_COMMON_BLOCKS = YES;
				GCC_WARN_64_TO_32_BIT_CONVERSION = YES;
				GCC_WARN_ABOUT_RETURN_TYPE = YES_ERROR;
				GCC_WARN_UNDECLARED_SELECTOR = YES;
				GCC_WARN_UNINITIALIZED_AUTOS = YES_AGGRESSIVE;
				GCC_WARN_UNUSED_FUNCTION = YES;
				GCC_WARN_UNUSED_VARIABLE = YES;
				IPHONEOS_DEPLOYMENT_TARGET = 15.5;
				MTL_ENABLE_DEBUG_INFO = NO;
				MTL_FAST_MATH = YES;
				SDKROOT = iphoneos;
				SWIFT_COMPILATION_MODE = wholemodule;
				SWIFT_OPTIMIZATION_LEVEL = "-O";
				VALIDATE_PRODUCT = YES;
				VERSIONING_SYSTEM = "apple-generic";
				VERSION_INFO_PREFIX = "";
			};
			name = Release;
		};
		E9999533287AA77500E49F82 /* Debug */ = {
			isa = XCBuildConfiguration;
			buildSettings = {
				CODE_SIGN_STYLE = Automatic;
				CURRENT_PROJECT_VERSION = 1;
				DEFINES_MODULE = YES;
				DYLIB_COMPATIBILITY_VERSION = 1;
				DYLIB_CURRENT_VERSION = 1;
				DYLIB_INSTALL_NAME_BASE = "@rpath";
				GENERATE_INFOPLIST_FILE = YES;
				INFOPLIST_KEY_NSHumanReadableCopyright = "";
				INSTALL_PATH = "$(LOCAL_LIBRARY_DIR)/Frameworks";
				LD_RUNPATH_SEARCH_PATHS = (
					"$(inherited)",
					"@executable_path/Frameworks",
					"@loader_path/Frameworks",
				);
				MARKETING_VERSION = 1.0;
				PRODUCT_BUNDLE_IDENTIFIER = "com.movies.Shared-Models";
				PRODUCT_NAME = "$(TARGET_NAME:c99extidentifier)";
				SKIP_INSTALL = YES;
				SWIFT_EMIT_LOC_STRINGS = YES;
				SWIFT_VERSION = 5.0;
				TARGETED_DEVICE_FAMILY = "1,2";
			};
			name = Debug;
		};
		E9999534287AA77500E49F82 /* Release */ = {
			isa = XCBuildConfiguration;
			buildSettings = {
				CODE_SIGN_STYLE = Automatic;
				CURRENT_PROJECT_VERSION = 1;
				DEFINES_MODULE = YES;
				DYLIB_COMPATIBILITY_VERSION = 1;
				DYLIB_CURRENT_VERSION = 1;
				DYLIB_INSTALL_NAME_BASE = "@rpath";
				GENERATE_INFOPLIST_FILE = YES;
				INFOPLIST_KEY_NSHumanReadableCopyright = "";
				INSTALL_PATH = "$(LOCAL_LIBRARY_DIR)/Frameworks";
				LD_RUNPATH_SEARCH_PATHS = (
					"$(inherited)",
					"@executable_path/Frameworks",
					"@loader_path/Frameworks",
				);
				MARKETING_VERSION = 1.0;
				PRODUCT_BUNDLE_IDENTIFIER = "com.movies.Shared-Models";
				PRODUCT_NAME = "$(TARGET_NAME:c99extidentifier)";
				SKIP_INSTALL = YES;
				SWIFT_EMIT_LOC_STRINGS = YES;
				SWIFT_VERSION = 5.0;
				TARGETED_DEVICE_FAMILY = "1,2";
			};
			name = Release;
		};
/* End XCBuildConfiguration section */

/* Begin XCConfigurationList section */
		E9999523287AA77500E49F82 /* Build configuration list for PBXProject "Shared Models" */ = {
			isa = XCConfigurationList;
			buildConfigurations = (
				E9999530287AA77500E49F82 /* Debug */,
				E9999531287AA77500E49F82 /* Release */,
			);
			defaultConfigurationIsVisible = 0;
			defaultConfigurationName = Release;
		};
		E9999532287AA77500E49F82 /* Build configuration list for PBXNativeTarget "Shared Models" */ = {
			isa = XCConfigurationList;
			buildConfigurations = (
				E9999533287AA77500E49F82 /* Debug */,
				E9999534287AA77500E49F82 /* Release */,
			);
			defaultConfigurationIsVisible = 0;
			defaultConfigurationName = Release;
		};
/* End XCConfigurationList section */

/* Begin XCRemoteSwiftPackageReference section */
		E95B97D4287B078400B0A353 /* XCRemoteSwiftPackageReference "RxSwift" */ = {
			isa = XCRemoteSwiftPackageReference;
			repositoryURL = "https://github.com/ReactiveX/RxSwift.git";
			requirement = {
				kind = upToNextMajorVersion;
				minimumVersion = 6.0.0;
			};
		};
/* End XCRemoteSwiftPackageReference section */

/* Begin XCSwiftPackageProductDependency section */
		E95B97D5287B078400B0A353 /* RxCocoa */ = {
			isa = XCSwiftPackageProductDependency;
			package = E95B97D4287B078400B0A353 /* XCRemoteSwiftPackageReference "RxSwift" */;
			productName = RxCocoa;
		};
		E95B97D7287B078400B0A353 /* RxSwift */ = {
			isa = XCSwiftPackageProductDependency;
			package = E95B97D4287B078400B0A353 /* XCRemoteSwiftPackageReference "RxSwift" */;
			productName = RxSwift;
		};
/* End XCSwiftPackageProductDependency section */

/* Begin XCVersionGroup section */
		E99798D6287AC99900FB3751 /* Movies.xcdatamodeld */ = {
			isa = XCVersionGroup;
			children = (
				E99798D7287AC99900FB3751 /* Movies.xcdatamodel */,
			);
			currentVersion = E99798D7287AC99900FB3751 /* Movies.xcdatamodel */;
			path = Movies.xcdatamodeld;
			sourceTree = "<group>";
			versionGroupType = wrapper.xcdatamodel;
		};
		E99798EE287ACC0100FB3751 /* Movies.xcdatamodeld */ = {
			isa = XCVersionGroup;
			children = (
				E99798EF287ACC0100FB3751 /* Movies.xcdatamodel */,
			);
			currentVersion = E99798EF287ACC0100FB3751 /* Movies.xcdatamodel */;
			path = Movies.xcdatamodeld;
			sourceTree = "<group>";
			versionGroupType = wrapper.xcdatamodel;
		};
/* End XCVersionGroup section */
	};
	rootObject = E9999520287AA77500E49F82 /* Project object */;
}
